
Microsoft Visual Studio Solution File, Format Version 12.00
# Visual Studio 14
VisualStudioVersion = 14.0.25123.0
MinimumVisualStudioVersion = 10.0.40219.1
Project("{FAE04EC0-301F-11D3-BF4B-00C04F79EFBC}") = "Phoneword", "Phoneword\Phoneword.csproj", "{C64163C8-D081-4B6F-9942-C0CF16CEE0A3}"
EndProject
Global
	GlobalSection(SolutionConfigurationPlatforms) = preSolution
		Debug|Any CPU = Debug|Any CPU
		Release|Any CPU = Release|Any CPU
	EndGlobalSection
	GlobalSection(ProjectConfigurationPlatforms) = postSolution
		{C64163C8-D081-4B6F-9942-C0CF16CEE0A3}.Debug|Any CPU.ActiveCfg = Debug|Any CPU
		{C64163C8-D081-4B6F-9942-C0CF16CEE0A3}.Debug|Any CPU.Build.0 = Debug|Any CPU
		{C64163C8-D081-4B6F-9942-C0CF16CEE0A3}.Debug|Any CPU.Deploy.0 = Debug|Any CPU
		{C64163C8-D081-4B6F-9942-C0CF16CEE0A3}.Release|Any CPU.ActiveCfg = Release|Any CPU
		{C64163C8-D081-4B6F-9942-C0CF16CEE0A3}.Release|Any CPU.Build.0 = Release|Any CPU
		{C64163C8-D081-4B6F-9942-C0CF16CEE0A3}.Release|Any CPU.Deploy.0 = Release|Any CPU
	EndGlobalSection
	GlobalSection(SolutionProperties) = preSolution
		HideSolutionNode = FALSE
	EndGlobalSection
EndGlobal
